
Microsoft Visual Studio Solution File, Format Version 12.00
# Visual Studio Version 17
VisualStudioVersion = 17.7.34221.43
MinimumVisualStudioVersion = 10.0.40219.1
Project("{FAE04EC0-301F-11D3-BF4B-00C04F79EFBC}") = "projekt_MŻ", "projekt_MŻ\projekt_MŻ.csproj", "{882CE3D9-3B80-49FE-9B3B-C992057EA46D}"
EndProject
Global
	GlobalSection(SolutionConfigurationPlatforms) = preSolution
		Debug|Any CPU = Debug|Any CPU
		Release|Any CPU = Release|Any CPU
	EndGlobalSection
	GlobalSection(ProjectConfigurationPlatforms) = postSolution
		{882CE3D9-3B80-49FE-9B3B-C992057EA46D}.Debug|Any CPU.ActiveCfg = Debug|Any CPU
		{882CE3D9-3B80-49FE-9B3B-C992057EA46D}.Debug|Any CPU.Build.0 = Debug|Any CPU
		{882CE3D9-3B80-49FE-9B3B-C992057EA46D}.Release|Any CPU.ActiveCfg = Release|Any CPU
		{882CE3D9-3B80-49FE-9B3B-C992057EA46D}.Release|Any CPU.Build.0 = Release|Any CPU
	EndGlobalSection
	GlobalSection(SolutionProperties) = preSolution
		HideSolutionNode = FALSE
	EndGlobalSection
	GlobalSection(ExtensibilityGlobals) = postSolution
		SolutionGuid = {DF49093A-58B2-48FA-9E40-66928A326DA7}
	EndGlobalSection
EndGlobal
